
Microsoft Visual Studio Solution File, Format Version 12.00
# Visual Studio 15
VisualStudioVersion = 15.0.28307.329
MinimumVisualStudioVersion = 10.0.40219.1
Project("{FAE04EC0-301F-11D3-BF4B-00C04F79EFBC}") = "GSMConsole", "GSMConsole\GSMConsole.csproj", "{D29B0F7A-BCEC-4955-87F0-980C03D5A00C}"
EndProject
Global
	GlobalSection(SolutionConfigurationPlatforms) = preSolution
		Debug|Any CPU = Debug|Any CPU
		Release|Any CPU = Release|Any CPU
	EndGlobalSection
	GlobalSection(ProjectConfigurationPlatforms) = postSolution
		{D29B0F7A-BCEC-4955-87F0-980C03D5A00C}.Debug|Any CPU.ActiveCfg = Debug|Any CPU
		{D29B0F7A-BCEC-4955-87F0-980C03D5A00C}.Debug|Any CPU.Build.0 = Debug|Any CPU
		{D29B0F7A-BCEC-4955-87F0-980C03D5A00C}.Release|Any CPU.ActiveCfg = Release|Any CPU
		{D29B0F7A-BCEC-4955-87F0-980C03D5A00C}.Release|Any CPU.Build.0 = Release|Any CPU
	EndGlobalSection
	GlobalSection(SolutionProperties) = preSolution
		HideSolutionNode = FALSE
	EndGlobalSection
	GlobalSection(ExtensibilityGlobals) = postSolution
		SolutionGuid = {F26048D0-7ADF-4023-8138-E82B408DF942}
	EndGlobalSection
EndGlobal
